{
  "version": "5",
  "specifiers": {
    "jsr:@b-fuze/deno-dom@~0.1.56": "0.1.56",
    "jsr:@denosaurs/plug@1.1.0": "1.1.0",
    "jsr:@std/encoding@1": "1.0.10",
    "jsr:@std/fmt@1": "1.0.8",
    "jsr:@std/fs@1": "1.0.19",
    "jsr:@std/internal@^1.0.10": "1.0.10",
    "jsr:@std/internal@^1.0.9": "1.0.10",
    "jsr:@std/path@1": "1.1.2",
    "jsr:@std/path@^1.1.1": "1.1.2",
    "jsr:@std/path@^1.1.2": "1.1.2",
    "npm:turndown@^7.2.1": "7.2.1"
  },
  "jsr": {
    "@b-fuze/deno-dom@0.1.56": {
      "integrity": "8030e2dc1d8750f1682b53462ab893d9c3470f2287feecbe22f44a88c54ab148",
      "dependencies": [
        "jsr:@denosaurs/plug"
      ]
    },
    "@denosaurs/plug@1.1.0": {
      "integrity": "eb2f0b7546c7bca2000d8b0282c54d50d91cf6d75cb26a80df25a6de8c4bc044",
      "dependencies": [
        "jsr:@std/encoding",
        "jsr:@std/fmt",
        "jsr:@std/fs",
        "jsr:@std/path@1"
      ]
    },
    "@std/encoding@1.0.10": {
      "integrity": "8783c6384a2d13abd5e9e87a7ae0520a30e9f56aeeaa3bdf910a3eaaf5c811a1"
    },
    "@std/fmt@1.0.8": {
      "integrity": "71e1fc498787e4434d213647a6e43e794af4fd393ef8f52062246e06f7e372b7"
    },
    "@std/fs@1.0.19": {
      "integrity": "051968c2b1eae4d2ea9f79a08a3845740ef6af10356aff43d3e2ef11ed09fb06",
      "dependencies": [
        "jsr:@std/internal@^1.0.9",
        "jsr:@std/path@^1.1.1"
      ]
    },
    "@std/internal@1.0.10": {
      "integrity": "e3be62ce42cab0e177c27698e5d9800122f67b766a0bea6ca4867886cbde8cf7"
    },
    "@std/path@1.1.2": {
      "integrity": "c0b13b97dfe06546d5e16bf3966b1cadf92e1cc83e56ba5476ad8b498d9e3038",
      "dependencies": [
        "jsr:@std/internal@^1.0.10"
      ]
    }
  },
  "npm": {
    "@mixmark-io/domino@2.2.0": {
      "integrity": "sha512-Y28PR25bHXUg88kCV7nivXrP2Nj2RueZ3/l/jdx6J9f8J4nsEGcgX0Qe6lt7Pa+J79+kPiJU3LguR6O/6zrLOw=="
    },
    "turndown@7.2.1": {
      "integrity": "sha512-7YiPJw6rLClQL3oUKN3KgMaXeJJ2lAyZItclgKDurqnH61so4k4IH/qwmMva0zpuJc/FhRExBBnk7EbeFANlgQ==",
      "dependencies": [
        "@mixmark-io/domino"
      ]
    }
  },
  "workspace": {
    "dependencies": [
      "jsr:@b-fuze/deno-dom@~0.1.56",
      "jsr:@std/path@^1.1.2",
      "npm:turndown@^7.2.1"
    ]
  }
}
